
Microsoft Visual Studio Solution File, Format Version 12.00
# Visual Studio Version 17
VisualStudioVersion = 17.4.33213.308
MinimumVisualStudioVersion = 10.0.40219.1
Project("{9A19103F-16F7-4668-BE54-9A1E7A4F7556}") = "JobBoard.Data", "JobBoard.Data\JobBoard.Data.csproj", "{3346F144-AD86-49C0-8A26-6AAF72610F4A}"
EndProject
Project("{9A19103F-16F7-4668-BE54-9A1E7A4F7556}") = "JobBoard.API", "JobBoard.API\JobBoard.API.csproj", "{6A9E4025-B5CF-4C7E-820D-1E1B249A019E}"
EndProject
Project("{FAE04EC0-301F-11D3-BF4B-00C04F79EFBC}") = "JobBoard.BlazorApp", "JobBoard.BlazorApp\JobBoard.BlazorApp.csproj", "{40AF5510-4092-4D4F-B48F-C0C7E469AC4B}"
EndProject
Global
	GlobalSection(SolutionConfigurationPlatforms) = preSolution
		Debug|Any CPU = Debug|Any CPU
		Release|Any CPU = Release|Any CPU
	EndGlobalSection
	GlobalSection(ProjectConfigurationPlatforms) = postSolution
		{3346F144-AD86-49C0-8A26-6AAF72610F4A}.Debug|Any CPU.ActiveCfg = Debug|Any CPU
		{3346F144-AD86-49C0-8A26-6AAF72610F4A}.Debug|Any CPU.Build.0 = Debug|Any CPU
		{3346F144-AD86-49C0-8A26-6AAF72610F4A}.Release|Any CPU.ActiveCfg = Release|Any CPU
		{3346F144-AD86-49C0-8A26-6AAF72610F4A}.Release|Any CPU.Build.0 = Release|Any CPU
		{6A9E4025-B5CF-4C7E-820D-1E1B249A019E}.Debug|Any CPU.ActiveCfg = Debug|Any CPU
		{6A9E4025-B5CF-4C7E-820D-1E1B249A019E}.Debug|Any CPU.Build.0 = Debug|Any CPU
		{6A9E4025-B5CF-4C7E-820D-1E1B249A019E}.Release|Any CPU.ActiveCfg = Release|Any CPU
		{6A9E4025-B5CF-4C7E-820D-1E1B249A019E}.Release|Any CPU.Build.0 = Release|Any CPU
		{40AF5510-4092-4D4F-B48F-C0C7E469AC4B}.Debug|Any CPU.ActiveCfg = Debug|Any CPU
		{40AF5510-4092-4D4F-B48F-C0C7E469AC4B}.Debug|Any CPU.Build.0 = Debug|Any CPU
		{40AF5510-4092-4D4F-B48F-C0C7E469AC4B}.Release|Any CPU.ActiveCfg = Release|Any CPU
		{40AF5510-4092-4D4F-B48F-C0C7E469AC4B}.Release|Any CPU.Build.0 = Release|Any CPU
	EndGlobalSection
	GlobalSection(SolutionProperties) = preSolution
		HideSolutionNode = FALSE
	EndGlobalSection
	GlobalSection(ExtensibilityGlobals) = postSolution
		SolutionGuid = {C6164168-87F2-4958-A7C4-CD54FCD0870A}
	EndGlobalSection
EndGlobal
